{
  "requires": true,
  "lockfileVersion": 1,
  "dependencies": {
    "angular": {
      "version": "1.7.8",
      "resolved": "https://registry.npmjs.org/angular/-/angular-1.7.8.tgz",
      "integrity": "sha1-t37eJyzhsmHjvjDBRRoLNGkFo8k="
    },
    "jeremias-alert": {
      "version": "1.0.0",
      "resolved": "https://registry.npmjs.org/jeremias-alert/-/jeremias-alert-1.0.0.tgz",
      "integrity": "sha512-xz3MEw5Kb8EguOgP7yZqd0wtSnCLcthp6TU6WROz76gCHpI06s9eUtf7EUuxWfiEhDOEiqvBYiKj7uPhOpRvwA=="
    },
    "jeremias-animation": {
      "version": "1.1.1",
      "resolved": "https://registry.npmjs.org/jeremias-animation/-/jeremias-animation-1.1.1.tgz",
      "integrity": "sha512-sOwZKzGE0Ui07af0/+tWcTLYpL7TV51IFxzEY0+pq8J2wp0KNZceMtE3QcX31aZywk69DBEdXvN0eyXNbsQxAA=="
    },
    "jeremias-button": {
      "version": "1.2.1",
      "resolved": "https://registry.npmjs.org/jeremias-button/-/jeremias-button-1.2.1.tgz",
      "integrity": "sha512-37CxdflsTVyC5srTXkkUhpK/zKd6J62kmPN4Wppwu1YzxpyeiB0HYWzV0QuG6NOTwNp4sCBde8T1qLFStzwefA=="
    }
  }
}
